
Microsoft Visual Studio Solution File, Format Version 12.00
# Visual Studio 15
VisualStudioVersion = 15.0.28307.489
MinimumVisualStudioVersion = 10.0.40219.1
Project("{FAE04EC0-301F-11D3-BF4B-00C04F79EFBC}") = "DBConn", "DBConn\DBConn.csproj", "{66D1DD5F-BC2A-47D3-AB79-DD3BC37B135C}"
EndProject
Global
	GlobalSection(SolutionConfigurationPlatforms) = preSolution
		Debug|Any CPU = Debug|Any CPU
		Release|Any CPU = Release|Any CPU
	EndGlobalSection
	GlobalSection(ProjectConfigurationPlatforms) = postSolution
		{66D1DD5F-BC2A-47D3-AB79-DD3BC37B135C}.Debug|Any CPU.ActiveCfg = Debug|Any CPU
		{66D1DD5F-BC2A-47D3-AB79-DD3BC37B135C}.Debug|Any CPU.Build.0 = Debug|Any CPU
		{66D1DD5F-BC2A-47D3-AB79-DD3BC37B135C}.Release|Any CPU.ActiveCfg = Release|Any CPU
		{66D1DD5F-BC2A-47D3-AB79-DD3BC37B135C}.Release|Any CPU.Build.0 = Release|Any CPU
	EndGlobalSection
	GlobalSection(SolutionProperties) = preSolution
		HideSolutionNode = FALSE
	EndGlobalSection
	GlobalSection(ExtensibilityGlobals) = postSolution
		SolutionGuid = {B5A10ACB-2114-42D8-9A11-626A7F3362E0}
	EndGlobalSection
EndGlobal
